lockfileVersion: '9.0'

settings:
  autoInstallPeers: true
  excludeLinksFromLockfile: false

importers:

  .:
    devDependencies:
      tinybench:
        specifier: ^3.1.1
        version: 3.1.1

packages:

  tinybench@3.1.1:
    resolution: {integrity: sha512-74pmf47HY/bHqamcCMGris+1AtGGsqTZ3Hc/UK4QvSmRuf/9PIF9753+c8XBh7JfX2r9KeZtVjOYjd6vFpc0qQ==}
    engines: {node: '>=18.0.0'}

snapshots:

  tinybench@3.1.1: {}
